
Microsoft Visual Studio Solution File, Format Version 12.00
# Visual Studio Version 16
VisualStudioVersion = 16.0.31321.278
MinimumVisualStudioVersion = 10.0.40219.1
Project("{9A19103F-16F7-4668-BE54-9A1E7A4F7556}") = "DockablePanels", "DockablePanels\DockablePanels.csproj", "{D28DE995-3711-44AC-8C5F-D3CDF7BCD3E2}"
EndProject
Project("{FAE04EC0-301F-11D3-BF4B-00C04F79EFBC}") = "ExampleApp", "ExampleApp\ExampleApp.csproj", "{1B080FBB-126C-4C81-8C91-1FBFD45F003A}"
	ProjectSection(ProjectDependencies) = postProject
		{D28DE995-3711-44AC-8C5F-D3CDF7BCD3E2} = {D28DE995-3711-44AC-8C5F-D3CDF7BCD3E2}
	EndProjectSection
EndProject
Global
	GlobalSection(SolutionConfigurationPlatforms) = preSolution
		Debug|Any CPU = Debug|Any CPU
		Release|Any CPU = Release|Any CPU
	EndGlobalSection
	GlobalSection(ProjectConfigurationPlatforms) = postSolution
		{D28DE995-3711-44AC-8C5F-D3CDF7BCD3E2}.Debug|Any CPU.ActiveCfg = Debug|Any CPU
		{D28DE995-3711-44AC-8C5F-D3CDF7BCD3E2}.Debug|Any CPU.Build.0 = Debug|Any CPU
		{D28DE995-3711-44AC-8C5F-D3CDF7BCD3E2}.Release|Any CPU.ActiveCfg = Release|Any CPU
		{D28DE995-3711-44AC-8C5F-D3CDF7BCD3E2}.Release|Any CPU.Build.0 = Release|Any CPU
		{1B080FBB-126C-4C81-8C91-1FBFD45F003A}.Debug|Any CPU.ActiveCfg = Debug|Any CPU
		{1B080FBB-126C-4C81-8C91-1FBFD45F003A}.Debug|Any CPU.Build.0 = Debug|Any CPU
		{1B080FBB-126C-4C81-8C91-1FBFD45F003A}.Release|Any CPU.ActiveCfg = Release|Any CPU
		{1B080FBB-126C-4C81-8C91-1FBFD45F003A}.Release|Any CPU.Build.0 = Release|Any CPU
	EndGlobalSection
	GlobalSection(SolutionProperties) = preSolution
		HideSolutionNode = FALSE
	EndGlobalSection
	GlobalSection(ExtensibilityGlobals) = postSolution
		SolutionGuid = {CCDA4BBE-B488-4D08-94C3-4677B1580D2D}
	EndGlobalSection
EndGlobal
